
Microsoft Visual Studio Solution File, Format Version 12.00
# Visual Studio Version 16
VisualStudioVersion = 16.0.31205.134
MinimumVisualStudioVersion = 10.0.40219.1
Project("{FAE04EC0-301F-11D3-BF4B-00C04F79EFBC}") = "BackendPrueba", "BackendPrueba\BackendPrueba.csproj", "{9BE30E2C-CD9C-40ED-8CCF-A74A5E7B9E8E}"
EndProject
Global
	GlobalSection(SolutionConfigurationPlatforms) = preSolution
		Debug|Any CPU = Debug|Any CPU
		Release|Any CPU = Release|Any CPU
	EndGlobalSection
	GlobalSection(ProjectConfigurationPlatforms) = postSolution
		{9BE30E2C-CD9C-40ED-8CCF-A74A5E7B9E8E}.Debug|Any CPU.ActiveCfg = Debug|Any CPU
		{9BE30E2C-CD9C-40ED-8CCF-A74A5E7B9E8E}.Debug|Any CPU.Build.0 = Debug|Any CPU
		{9BE30E2C-CD9C-40ED-8CCF-A74A5E7B9E8E}.Release|Any CPU.ActiveCfg = Release|Any CPU
		{9BE30E2C-CD9C-40ED-8CCF-A74A5E7B9E8E}.Release|Any CPU.Build.0 = Release|Any CPU
	EndGlobalSection
	GlobalSection(SolutionProperties) = preSolution
		HideSolutionNode = FALSE
	EndGlobalSection
	GlobalSection(ExtensibilityGlobals) = postSolution
		SolutionGuid = {E52D5FC7-21EC-4F62-8BD7-0EF4A3B1F089}
	EndGlobalSection
EndGlobal
